
Microsoft Visual Studio Solution File, Format Version 12.00
# Visual Studio Version 17
VisualStudioVersion = 17.13.35828.75 d17.13
MinimumVisualStudioVersion = 10.0.40219.1
Project("{FAE04EC0-301F-11D3-BF4B-00C04F79EFBC}") = "BlogMVC", "BlogMVC\BlogMVC.csproj", "{7EAE265F-1139-4CEA-903A-A6547DBD777D}"
EndProject
Global
	GlobalSection(SolutionConfigurationPlatforms) = preSolution
		Debug|Any CPU = Debug|Any CPU
		Release|Any CPU = Release|Any CPU
	EndGlobalSection
	GlobalSection(ProjectConfigurationPlatforms) = postSolution
		{7EAE265F-1139-4CEA-903A-A6547DBD777D}.Debug|Any CPU.ActiveCfg = Debug|Any CPU
		{7EAE265F-1139-4CEA-903A-A6547DBD777D}.Debug|Any CPU.Build.0 = Debug|Any CPU
		{7EAE265F-1139-4CEA-903A-A6547DBD777D}.Release|Any CPU.ActiveCfg = Release|Any CPU
		{7EAE265F-1139-4CEA-903A-A6547DBD777D}.Release|Any CPU.Build.0 = Release|Any CPU
	EndGlobalSection
	GlobalSection(SolutionProperties) = preSolution
		HideSolutionNode = FALSE
	EndGlobalSection
	GlobalSection(ExtensibilityGlobals) = postSolution
		SolutionGuid = {D31340CC-CACC-4844-9BD0-B8E7B9127AC8}
	EndGlobalSection
EndGlobal
